
Microsoft Visual Studio Solution File, Format Version 12.00
# Visual Studio Version 17
VisualStudioVersion = 17.10.34916.146
MinimumVisualStudioVersion = 10.0.40219.1
Project("{FAE04EC0-301F-11D3-BF4B-00C04F79EFBC}") = "TestBEIT", "TestBEIT\TestBEIT.csproj", "{A5EC1260-AD14-438C-B146-F3E6ABBE47CE}"
EndProject
Global
	GlobalSection(SolutionConfigurationPlatforms) = preSolution
		Debug|Any CPU = Debug|Any CPU
		Release|Any CPU = Release|Any CPU
	EndGlobalSection
	GlobalSection(ProjectConfigurationPlatforms) = postSolution
		{A5EC1260-AD14-438C-B146-F3E6ABBE47CE}.Debug|Any CPU.ActiveCfg = Debug|Any CPU
		{A5EC1260-AD14-438C-B146-F3E6ABBE47CE}.Debug|Any CPU.Build.0 = Debug|Any CPU
		{A5EC1260-AD14-438C-B146-F3E6ABBE47CE}.Release|Any CPU.ActiveCfg = Release|Any CPU
		{A5EC1260-AD14-438C-B146-F3E6ABBE47CE}.Release|Any CPU.Build.0 = Release|Any CPU
	EndGlobalSection
	GlobalSection(SolutionProperties) = preSolution
		HideSolutionNode = FALSE
	EndGlobalSection
	GlobalSection(ExtensibilityGlobals) = postSolution
		SolutionGuid = {3DAC75C7-AAD0-4617-A6EC-6467E11D8E46}
	EndGlobalSection
EndGlobal
